
Microsoft Visual Studio Solution File, Format Version 12.00
# Visual Studio 15
VisualStudioVersion = 15.0.28307.1684
MinimumVisualStudioVersion = 10.0.40219.1
Project("{FAE04EC0-301F-11D3-BF4B-00C04F79EFBC}") = "Frames_Pages", "Frames_Pages\Frames_Pages.csproj", "{D2BF9025-95C0-4E85-82B3-9D7C9C8E9825}"
EndProject
Global
	GlobalSection(SolutionConfigurationPlatforms) = preSolution
		Debug|Any CPU = Debug|Any CPU
		Release|Any CPU = Release|Any CPU
	EndGlobalSection
	GlobalSection(ProjectConfigurationPlatforms) = postSolution
		{D2BF9025-95C0-4E85-82B3-9D7C9C8E9825}.Debug|Any CPU.ActiveCfg = Debug|Any CPU
		{D2BF9025-95C0-4E85-82B3-9D7C9C8E9825}.Debug|Any CPU.Build.0 = Debug|Any CPU
		{D2BF9025-95C0-4E85-82B3-9D7C9C8E9825}.Release|Any CPU.ActiveCfg = Release|Any CPU
		{D2BF9025-95C0-4E85-82B3-9D7C9C8E9825}.Release|Any CPU.Build.0 = Release|Any CPU
	EndGlobalSection
	GlobalSection(SolutionProperties) = preSolution
		HideSolutionNode = FALSE
	EndGlobalSection
	GlobalSection(ExtensibilityGlobals) = postSolution
		SolutionGuid = {F4FE390B-B3CD-4E14-AF3D-6A22FBE72531}
	EndGlobalSection
EndGlobal
